{
  "name": "SMIS-Project",
  "lockfileVersion": 3,
  "requires": true,
  "packages": {
    "": {
      "dependencies": {
        "@prisma/client": "^5.10.2",
        "uuid": "^9.0.1"
      }
    },
    "node_modules/@prisma/client": {
      "version": "5.10.2",
      "resolved": "https://registry.npmjs.org/@prisma/client/-/client-5.10.2.tgz",
      "integrity": "sha512-ef49hzB2yJZCvM5gFHMxSFL9KYrIP9udpT5rYo0CsHD4P9IKj473MbhU1gjKKftiwWBTIyrt9jukprzZXazyag==",
      "hasInstallScript": true,
      "engines": {
        "node": ">=16.13"
      },
      "peerDependencies": {
        "prisma": "*"
      },
      "peerDependenciesMeta": {
        "prisma": {
          "optional": true
        }
      }
    },
    "node_modules/uuid": {
      "version": "9.0.1",
      "resolved": "https://registry.npmjs.org/uuid/-/uuid-9.0.1.tgz",
      "integrity": "sha512-b+1eJOlsR9K8HJpow9Ok3fiWOWSIcIzXodvv0rQjVoOVNpWMpxf1wZNpt4y9h10odCNrqnYp1OBzRktckBe3sA==",
      "funding": [
        "https://github.com/sponsors/broofa",
        "https://github.com/sponsors/ctavan"
      ],
      "bin": {
        "uuid": "dist/bin/uuid"
      }
    }
  }
}
